{
  "object": {
    "pins": [
      {
        "package": "Networking",
        "repositoryURL": "https://github.com/Lickability/Networking",
        "state": {
          "branch": null,
          "revision": "54ba83b22a932e870a4e99f3176a34c810c7c2c2",
          "version": "1.0.0"
        }
      },
      {
        "package": "Persister",
        "repositoryURL": "https://github.com/Lickability/Persister",
        "state": {
          "branch": null,
          "revision": "556198feaa1b37cfb54328af43dcb2709002972a",
          "version": "1.0.0"
        }
      }
    ]
  },
  "version": 1
}
