{
  "object": {
    "pins": [
      {
        "package": "Networking",
        "repositoryURL": "https://github.com/Lickability/Networking",
        "state": {
          "branch": null,
          "revision": "0ed53ac918cce33d6273b430da29c296ae58edc2",
          "version": "1.1.0"
        }
      },
      {
        "package": "Persister",
        "repositoryURL": "https://github.com/Lickability/Persister",
        "state": {
          "branch": null,
          "revision": "556198feaa1b37cfb54328af43dcb2709002972a",
          "version": "1.0.0"
        }
      }
    ]
  },
  "version": 1
}
