{
  "object": {
    "pins": [
      {
        "package": "Networking",
        "repositoryURL": "https://github.com/Lickability/Networking",
        "state": {
          "branch": "main",
          "revision": "82f625ef70e163612ce30486170652dc69a332b5",
          "version": null
        }
      },
      {
        "package": "Persister",
        "repositoryURL": "https://github.com/Lickability/Persister",
        "state": {
          "branch": "main",
          "revision": "f4d70ea021a0909cb37685be744fd695eb9547cd",
          "version": null
        }
      }
    ]
  },
  "version": 1
}
