{
  "object": {
    "pins": [
      {
        "package": "Networking",
        "repositoryURL": "https://github.com/Lickability/Networking",
        "state": {
          "branch": "main",
          "revision": "be994e804c976e762f2396a0edf28b98f1b3c03a",
          "version": null
        }
      },
      {
        "package": "Persister",
        "repositoryURL": "https://github.com/Lickability/Persister",
        "state": {
          "branch": "main",
          "revision": "e2c48a5550d4f2a5601d25018cb75030439363af",
          "version": null
        }
      }
    ]
  },
  "version": 1
}
